
Microsoft Visual Studio Solution File, Format Version 12.00
# Visual Studio 15
VisualStudioVersion = 15.0.28010.2046
MinimumVisualStudioVersion = 10.0.40219.1
Project("{FAE04EC0-301F-11D3-BF4B-00C04F79EFBC}") = "TransactionAnalyticsApp", "TransactionAnalyticsApp\TransactionAnalyticsApp.csproj", "{A611823B-210E-48A1-A073-3DF72F45644D}"
EndProject
Global
	GlobalSection(SolutionConfigurationPlatforms) = preSolution
		Debug|Any CPU = Debug|Any CPU
		Release|Any CPU = Release|Any CPU
	EndGlobalSection
	GlobalSection(ProjectConfigurationPlatforms) = postSolution
		{A611823B-210E-48A1-A073-3DF72F45644D}.Debug|Any CPU.ActiveCfg = Debug|Any CPU
		{A611823B-210E-48A1-A073-3DF72F45644D}.Debug|Any CPU.Build.0 = Debug|Any CPU
		{A611823B-210E-48A1-A073-3DF72F45644D}.Release|Any CPU.ActiveCfg = Release|Any CPU
		{A611823B-210E-48A1-A073-3DF72F45644D}.Release|Any CPU.Build.0 = Release|Any CPU
	EndGlobalSection
	GlobalSection(SolutionProperties) = preSolution
		HideSolutionNode = FALSE
	EndGlobalSection
	GlobalSection(ExtensibilityGlobals) = postSolution
		SolutionGuid = {8A873A47-E396-4654-A6F5-691FD871D7C3}
	EndGlobalSection
EndGlobal
